
Microsoft Visual Studio Solution File, Format Version 12.00
# Visual Studio Version 17
VisualStudioVersion = 17.0.31912.275
MinimumVisualStudioVersion = 10.0.40219.1
Project("{9A19103F-16F7-4668-BE54-9A1E7A4F7556}") = "20211207_ToDoList", "20211207_ToDoList\20211207_ToDoList.csproj", "{A37D1ADD-6DD4-4551-8E9B-A8035C743348}"
EndProject
Project("{9A19103F-16F7-4668-BE54-9A1E7A4F7556}") = "20211209_FirstDBApp", "20211209_FirstDBApp\20211209_FirstDBApp.csproj", "{03011789-D85F-4BC6-863C-A7631CA2E762}"
EndProject
Project("{9A19103F-16F7-4668-BE54-9A1E7A4F7556}") = "20211215_FirstEFApp", "20211215_FirstEFApp\20211215_FirstEFApp.csproj", "{62D97BE2-241C-43FB-94E0-D4678DD543FD}"
EndProject
Project("{9A19103F-16F7-4668-BE54-9A1E7A4F7556}") = "20211215_EF_ShopApp", "20211215_EF_ShopApp\20211215_EF_ShopApp.csproj", "{9926C42F-CC66-46DE-B254-8F8B3DF2FB0D}"
EndProject
Project("{9A19103F-16F7-4668-BE54-9A1E7A4F7556}") = "20211228_IgnitisHomeWork", "20211228_IgnitisHomeWork\20211228_IgnitisHomeWork.csproj", "{DDEA401D-7EF2-42B7-962F-71D8D7684F5F}"
EndProject
Project("{9A19103F-16F7-4668-BE54-9A1E7A4F7556}") = "20211230_IgnitisHomework_V2", "20211230_IgnitisHomework_V2\20211230_IgnitisHomework_V2.csproj", "{48E016C7-5FBB-43AA-8108-C0E07B6F6AD5}"
EndProject
Project("{9A19103F-16F7-4668-BE54-9A1E7A4F7556}") = "20220105_SEB_HomeWork", "20220105_SEB_HomeWork\20220105_SEB_HomeWork.csproj", "{04B151C1-C9D3-4852-BD6E-053DA3E6423F}"
EndProject
Project("{9A19103F-16F7-4668-BE54-9A1E7A4F7556}") = "20220107_HotelCleaning", "20220107_HotelCleaning\20220107_HotelCleaning.csproj", "{69D388C0-3F1B-4208-BE3C-FD7B04462F80}"
EndProject
Project("{2150E333-8FDC-42A3-9474-1A3956D46DE8}") = "API", "API", "{0D12973E-EBE2-4490-9DED-42B8C751E95D}"
EndProject
Project("{9A19103F-16F7-4668-BE54-9A1E7A4F7556}") = "20220118_ToDo_API", "20220118_ToDo_API\20220118_ToDo_API.csproj", "{EAA18FD1-B116-4506-8D97-8EAB41AD3D64}"
EndProject
Project("{2150E333-8FDC-42A3-9474-1A3956D46DE8}") = "dotNET", "dotNET", "{42CD37E6-C255-4ABA-ADEE-44A42173A6B1}"
EndProject
Project("{9A19103F-16F7-4668-BE54-9A1E7A4F7556}") = "20210118_School_API", "20210118_School_API\20210118_School_API.csproj", "{7E98A3D1-5EC8-414D-A85C-8CB48B515074}"
EndProject
Project("{9A19103F-16F7-4668-BE54-9A1E7A4F7556}") = "20220121_Shop_API", "20220121_Shop_API\20220121_Shop_API.csproj", "{83BD4568-0A62-4831-9885-3FC50C8FDD93}"
EndProject
Project("{9A19103F-16F7-4668-BE54-9A1E7A4F7556}") = "20220209_School_API", "20220209_School_API\20220209_School_API.csproj", "{B0B9FA26-6D0A-4912-BC7E-7C2E5BD75892}"
EndProject
Project("{FAE04EC0-301F-11D3-BF4B-00C04F79EFBC}") = "20220216_DevBridge_Points_API", "20220216_DevBridge_Points_API\20220216_DevBridge_Points_API.csproj", "{9E8ED642-4851-4869-844D-E6B7E3DE0D87}"
EndProject
Global
	GlobalSection(SolutionConfigurationPlatforms) = preSolution
		Debug|Any CPU = Debug|Any CPU
		Release|Any CPU = Release|Any CPU
	EndGlobalSection
	GlobalSection(ProjectConfigurationPlatforms) = postSolution
		{A37D1ADD-6DD4-4551-8E9B-A8035C743348}.Debug|Any CPU.ActiveCfg = Debug|Any CPU
		{A37D1ADD-6DD4-4551-8E9B-A8035C743348}.Debug|Any CPU.Build.0 = Debug|Any CPU
		{A37D1ADD-6DD4-4551-8E9B-A8035C743348}.Release|Any CPU.ActiveCfg = Release|Any CPU
		{A37D1ADD-6DD4-4551-8E9B-A8035C743348}.Release|Any CPU.Build.0 = Release|Any CPU
		{03011789-D85F-4BC6-863C-A7631CA2E762}.Debug|Any CPU.ActiveCfg = Debug|Any CPU
		{03011789-D85F-4BC6-863C-A7631CA2E762}.Debug|Any CPU.Build.0 = Debug|Any CPU
		{03011789-D85F-4BC6-863C-A7631CA2E762}.Release|Any CPU.ActiveCfg = Release|Any CPU
		{03011789-D85F-4BC6-863C-A7631CA2E762}.Release|Any CPU.Build.0 = Release|Any CPU
		{62D97BE2-241C-43FB-94E0-D4678DD543FD}.Debug|Any CPU.ActiveCfg = Debug|Any CPU
		{62D97BE2-241C-43FB-94E0-D4678DD543FD}.Debug|Any CPU.Build.0 = Debug|Any CPU
		{62D97BE2-241C-43FB-94E0-D4678DD543FD}.Release|Any CPU.ActiveCfg = Release|Any CPU
		{62D97BE2-241C-43FB-94E0-D4678DD543FD}.Release|Any CPU.Build.0 = Release|Any CPU
		{9926C42F-CC66-46DE-B254-8F8B3DF2FB0D}.Debug|Any CPU.ActiveCfg = Debug|Any CPU
		{9926C42F-CC66-46DE-B254-8F8B3DF2FB0D}.Debug|Any CPU.Build.0 = Debug|Any CPU
		{9926C42F-CC66-46DE-B254-8F8B3DF2FB0D}.Release|Any CPU.ActiveCfg = Release|Any CPU
		{9926C42F-CC66-46DE-B254-8F8B3DF2FB0D}.Release|Any CPU.Build.0 = Release|Any CPU
		{DDEA401D-7EF2-42B7-962F-71D8D7684F5F}.Debug|Any CPU.ActiveCfg = Debug|Any CPU
		{DDEA401D-7EF2-42B7-962F-71D8D7684F5F}.Debug|Any CPU.Build.0 = Debug|Any CPU
		{DDEA401D-7EF2-42B7-962F-71D8D7684F5F}.Release|Any CPU.ActiveCfg = Release|Any CPU
		{DDEA401D-7EF2-42B7-962F-71D8D7684F5F}.Release|Any CPU.Build.0 = Release|Any CPU
		{48E016C7-5FBB-43AA-8108-C0E07B6F6AD5}.Debug|Any CPU.ActiveCfg = Debug|Any CPU
		{48E016C7-5FBB-43AA-8108-C0E07B6F6AD5}.Debug|Any CPU.Build.0 = Debug|Any CPU
		{48E016C7-5FBB-43AA-8108-C0E07B6F6AD5}.Release|Any CPU.ActiveCfg = Release|Any CPU
		{48E016C7-5FBB-43AA-8108-C0E07B6F6AD5}.Release|Any CPU.Build.0 = Release|Any CPU
		{04B151C1-C9D3-4852-BD6E-053DA3E6423F}.Debug|Any CPU.ActiveCfg = Debug|Any CPU
		{04B151C1-C9D3-4852-BD6E-053DA3E6423F}.Debug|Any CPU.Build.0 = Debug|Any CPU
		{04B151C1-C9D3-4852-BD6E-053DA3E6423F}.Release|Any CPU.ActiveCfg = Release|Any CPU
		{04B151C1-C9D3-4852-BD6E-053DA3E6423F}.Release|Any CPU.Build.0 = Release|Any CPU
		{69D388C0-3F1B-4208-BE3C-FD7B04462F80}.Debug|Any CPU.ActiveCfg = Debug|Any CPU
		{69D388C0-3F1B-4208-BE3C-FD7B04462F80}.Debug|Any CPU.Build.0 = Debug|Any CPU
		{69D388C0-3F1B-4208-BE3C-FD7B04462F80}.Release|Any CPU.ActiveCfg = Release|Any CPU
		{69D388C0-3F1B-4208-BE3C-FD7B04462F80}.Release|Any CPU.Build.0 = Release|Any CPU
		{EAA18FD1-B116-4506-8D97-8EAB41AD3D64}.Debug|Any CPU.ActiveCfg = Debug|Any CPU
		{EAA18FD1-B116-4506-8D97-8EAB41AD3D64}.Debug|Any CPU.Build.0 = Debug|Any CPU
		{EAA18FD1-B116-4506-8D97-8EAB41AD3D64}.Release|Any CPU.ActiveCfg = Release|Any CPU
		{EAA18FD1-B116-4506-8D97-8EAB41AD3D64}.Release|Any CPU.Build.0 = Release|Any CPU
		{7E98A3D1-5EC8-414D-A85C-8CB48B515074}.Debug|Any CPU.ActiveCfg = Debug|Any CPU
		{7E98A3D1-5EC8-414D-A85C-8CB48B515074}.Debug|Any CPU.Build.0 = Debug|Any CPU
		{7E98A3D1-5EC8-414D-A85C-8CB48B515074}.Release|Any CPU.ActiveCfg = Release|Any CPU
		{7E98A3D1-5EC8-414D-A85C-8CB48B515074}.Release|Any CPU.Build.0 = Release|Any CPU
		{83BD4568-0A62-4831-9885-3FC50C8FDD93}.Debug|Any CPU.ActiveCfg = Debug|Any CPU
		{83BD4568-0A62-4831-9885-3FC50C8FDD93}.Debug|Any CPU.Build.0 = Debug|Any CPU
		{83BD4568-0A62-4831-9885-3FC50C8FDD93}.Release|Any CPU.ActiveCfg = Release|Any CPU
		{83BD4568-0A62-4831-9885-3FC50C8FDD93}.Release|Any CPU.Build.0 = Release|Any CPU
		{B0B9FA26-6D0A-4912-BC7E-7C2E5BD75892}.Debug|Any CPU.ActiveCfg = Debug|Any CPU
		{B0B9FA26-6D0A-4912-BC7E-7C2E5BD75892}.Debug|Any CPU.Build.0 = Debug|Any CPU
		{B0B9FA26-6D0A-4912-BC7E-7C2E5BD75892}.Release|Any CPU.ActiveCfg = Release|Any CPU
		{B0B9FA26-6D0A-4912-BC7E-7C2E5BD75892}.Release|Any CPU.Build.0 = Release|Any CPU
		{9E8ED642-4851-4869-844D-E6B7E3DE0D87}.Debug|Any CPU.ActiveCfg = Debug|Any CPU
		{9E8ED642-4851-4869-844D-E6B7E3DE0D87}.Debug|Any CPU.Build.0 = Debug|Any CPU
		{9E8ED642-4851-4869-844D-E6B7E3DE0D87}.Release|Any CPU.ActiveCfg = Release|Any CPU
		{9E8ED642-4851-4869-844D-E6B7E3DE0D87}.Release|Any CPU.Build.0 = Release|Any CPU
	EndGlobalSection
	GlobalSection(SolutionProperties) = preSolution
		HideSolutionNode = FALSE
	EndGlobalSection
	GlobalSection(NestedProjects) = preSolution
		{A37D1ADD-6DD4-4551-8E9B-A8035C743348} = {42CD37E6-C255-4ABA-ADEE-44A42173A6B1}
		{03011789-D85F-4BC6-863C-A7631CA2E762} = {42CD37E6-C255-4ABA-ADEE-44A42173A6B1}
		{62D97BE2-241C-43FB-94E0-D4678DD543FD} = {42CD37E6-C255-4ABA-ADEE-44A42173A6B1}
		{9926C42F-CC66-46DE-B254-8F8B3DF2FB0D} = {42CD37E6-C255-4ABA-ADEE-44A42173A6B1}
		{DDEA401D-7EF2-42B7-962F-71D8D7684F5F} = {42CD37E6-C255-4ABA-ADEE-44A42173A6B1}
		{48E016C7-5FBB-43AA-8108-C0E07B6F6AD5} = {42CD37E6-C255-4ABA-ADEE-44A42173A6B1}
		{04B151C1-C9D3-4852-BD6E-053DA3E6423F} = {42CD37E6-C255-4ABA-ADEE-44A42173A6B1}
		{69D388C0-3F1B-4208-BE3C-FD7B04462F80} = {42CD37E6-C255-4ABA-ADEE-44A42173A6B1}
		{EAA18FD1-B116-4506-8D97-8EAB41AD3D64} = {0D12973E-EBE2-4490-9DED-42B8C751E95D}
		{7E98A3D1-5EC8-414D-A85C-8CB48B515074} = {0D12973E-EBE2-4490-9DED-42B8C751E95D}
		{83BD4568-0A62-4831-9885-3FC50C8FDD93} = {0D12973E-EBE2-4490-9DED-42B8C751E95D}
		{B0B9FA26-6D0A-4912-BC7E-7C2E5BD75892} = {0D12973E-EBE2-4490-9DED-42B8C751E95D}
		{9E8ED642-4851-4869-844D-E6B7E3DE0D87} = {0D12973E-EBE2-4490-9DED-42B8C751E95D}
	EndGlobalSection
	GlobalSection(ExtensibilityGlobals) = postSolution
		SolutionGuid = {A1C1CC12-E0B1-44F4-8CAE-817F615A76A7}
	EndGlobalSection
EndGlobal
