
Microsoft Visual Studio Solution File, Format Version 12.00
# Visual Studio Version 17
VisualStudioVersion = 17.0.31912.275
MinimumVisualStudioVersion = 10.0.40219.1
Project("{9A19103F-16F7-4668-BE54-9A1E7A4F7556}") = "20211207_ToDoList", "20211207_ToDoList\20211207_ToDoList.csproj", "{A37D1ADD-6DD4-4551-8E9B-A8035C743348}"
EndProject
Global
	GlobalSection(SolutionConfigurationPlatforms) = preSolution
		Debug|Any CPU = Debug|Any CPU
		Release|Any CPU = Release|Any CPU
	EndGlobalSection
	GlobalSection(ProjectConfigurationPlatforms) = postSolution
		{A37D1ADD-6DD4-4551-8E9B-A8035C743348}.Debug|Any CPU.ActiveCfg = Debug|Any CPU
		{A37D1ADD-6DD4-4551-8E9B-A8035C743348}.Debug|Any CPU.Build.0 = Debug|Any CPU
		{A37D1ADD-6DD4-4551-8E9B-A8035C743348}.Release|Any CPU.ActiveCfg = Release|Any CPU
		{A37D1ADD-6DD4-4551-8E9B-A8035C743348}.Release|Any CPU.Build.0 = Release|Any CPU
	EndGlobalSection
	GlobalSection(SolutionProperties) = preSolution
		HideSolutionNode = FALSE
	EndGlobalSection
	GlobalSection(ExtensibilityGlobals) = postSolution
		SolutionGuid = {A1C1CC12-E0B1-44F4-8CAE-817F615A76A7}
	EndGlobalSection
EndGlobal
